
Microsoft Visual Studio Solution File, Format Version 12.00
# Visual Studio 15
VisualStudioVersion = 15.0.28010.2003
MinimumVisualStudioVersion = 10.0.40219.1
Project("{FAE04EC0-301F-11D3-BF4B-00C04F79EFBC}") = "SMS_Service", "SMS_Service\SMS_Service.csproj", "{B4296E20-D5F6-4572-8B6C-151AF0E46E14}"
EndProject
Global
	GlobalSection(SolutionConfigurationPlatforms) = preSolution
		Debug|Any CPU = Debug|Any CPU
		Release|Any CPU = Release|Any CPU
	EndGlobalSection
	GlobalSection(ProjectConfigurationPlatforms) = postSolution
		{B4296E20-D5F6-4572-8B6C-151AF0E46E14}.Debug|Any CPU.ActiveCfg = Debug|Any CPU
		{B4296E20-D5F6-4572-8B6C-151AF0E46E14}.Debug|Any CPU.Build.0 = Debug|Any CPU
		{B4296E20-D5F6-4572-8B6C-151AF0E46E14}.Release|Any CPU.ActiveCfg = Release|Any CPU
		{B4296E20-D5F6-4572-8B6C-151AF0E46E14}.Release|Any CPU.Build.0 = Release|Any CPU
	EndGlobalSection
	GlobalSection(SolutionProperties) = preSolution
		HideSolutionNode = FALSE
	EndGlobalSection
	GlobalSection(ExtensibilityGlobals) = postSolution
		SolutionGuid = {37B6A5D2-4EBE-4103-A10A-37CCEE83DB48}
	EndGlobalSection
EndGlobal
